{
  "name": "discordaccountsbot",
  "version": "1.0.0",
  "lockfileVersion": 2,
  "requires": true,
  "packages": {
    "": {
      "name": "discordaccountsbot",
      "version": "1.0.0",
      "license": "Apache-2.0",
      "dependencies": {
        "applause-cli": "^1.8.1",
        "powahroot": "^1.2.6"
      }
    },
    "node_modules/applause-cli": {
      "version": "1.8.1",
      "resolved": "https://registry.npmjs.org/applause-cli/-/applause-cli-1.8.1.tgz",
      "integrity": "sha512-ayN8TdWe69sDXRDNEKSUx7pO71XvVXd+v/bRWRCAbYwt2W82boA0NWQ/khfWJz4sXIWRY4tQIM2dsdYxj2s6ag=="
    },
    "node_modules/cookie": {
      "version": "0.5.0",
      "resolved": "https://registry.npmjs.org/cookie/-/cookie-0.5.0.tgz",
      "integrity": "sha512-YZ3GUyn/o8gfKJlnlX7g7xq4gyO6OSuhGPKaaGssGB2qgDUS0gPgtTvoyZLTt9Ab6dC4hfc9dV5arkvc/OCmrw==",
      "engines": {
        "node": ">= 0.6"
      }
    },
    "node_modules/event-emitter-es6": {
      "version": "1.1.5",
      "resolved": "https://registry.npmjs.org/event-emitter-es6/-/event-emitter-es6-1.1.5.tgz",
      "integrity": "sha512-/n7qzkJBySdbe1W9/FBDdO7gzDIaewgj+Rj6Ayc2BdvVcaGP+p40DyViOFudCgV47UU8+cUFmcD3tJgjwY65qQ=="
    },
    "node_modules/html-entities": {
      "version": "2.3.3",
      "resolved": "https://registry.npmjs.org/html-entities/-/html-entities-2.3.3.tgz",
      "integrity": "sha512-DV5Ln36z34NNTDgnz0EWGBLZENelNAtkiFA4kyNOG2tDI6Mz1uSWiq1wAKdyjnJwyDiDO7Fa2SO1CTxPXL8VxA=="
    },
    "node_modules/nightink": {
      "version": "1.0.2",
      "resolved": "https://registry.npmjs.org/nightink/-/nightink-1.0.2.tgz",
      "integrity": "sha512-4m/WBimAdO0TkUOF+UFBR9U09UTF+Y/G+PAMWarQmq7wUxclSPkA/hyi9wq4RUxJleV7PvN782YTQ4BgS7Vd/w==",
      "dependencies": {
        "html-entities": "^2.3.2"
      }
    },
    "node_modules/powahroot": {
      "version": "1.2.6",
      "resolved": "https://registry.npmjs.org/powahroot/-/powahroot-1.2.6.tgz",
      "integrity": "sha512-47T7lgNvLYrt8/zqHbNm07/D4fvyeVwlGGBLuxzFmduU5876SUJ3e2WPpw+h1+7EZOqh2cjPtJeS8aUFnKC3Ew==",
      "dependencies": {
        "cookie": "^0.5.0",
        "event-emitter-es6": "^1.1.5",
        "nightink": "^1.0.1"
      },
      "funding": {
        "type": "liberapay",
        "url": "https://liberapay.com/sbrl"
      }
    }
  },
  "dependencies": {
    "applause-cli": {
      "version": "1.8.1",
      "resolved": "https://registry.npmjs.org/applause-cli/-/applause-cli-1.8.1.tgz",
      "integrity": "sha512-ayN8TdWe69sDXRDNEKSUx7pO71XvVXd+v/bRWRCAbYwt2W82boA0NWQ/khfWJz4sXIWRY4tQIM2dsdYxj2s6ag=="
    },
    "cookie": {
      "version": "0.5.0",
      "resolved": "https://registry.npmjs.org/cookie/-/cookie-0.5.0.tgz",
      "integrity": "sha512-YZ3GUyn/o8gfKJlnlX7g7xq4gyO6OSuhGPKaaGssGB2qgDUS0gPgtTvoyZLTt9Ab6dC4hfc9dV5arkvc/OCmrw=="
    },
    "event-emitter-es6": {
      "version": "1.1.5",
      "resolved": "https://registry.npmjs.org/event-emitter-es6/-/event-emitter-es6-1.1.5.tgz",
      "integrity": "sha512-/n7qzkJBySdbe1W9/FBDdO7gzDIaewgj+Rj6Ayc2BdvVcaGP+p40DyViOFudCgV47UU8+cUFmcD3tJgjwY65qQ=="
    },
    "html-entities": {
      "version": "2.3.3",
      "resolved": "https://registry.npmjs.org/html-entities/-/html-entities-2.3.3.tgz",
      "integrity": "sha512-DV5Ln36z34NNTDgnz0EWGBLZENelNAtkiFA4kyNOG2tDI6Mz1uSWiq1wAKdyjnJwyDiDO7Fa2SO1CTxPXL8VxA=="
    },
    "nightink": {
      "version": "1.0.2",
      "resolved": "https://registry.npmjs.org/nightink/-/nightink-1.0.2.tgz",
      "integrity": "sha512-4m/WBimAdO0TkUOF+UFBR9U09UTF+Y/G+PAMWarQmq7wUxclSPkA/hyi9wq4RUxJleV7PvN782YTQ4BgS7Vd/w==",
      "requires": {
        "html-entities": "^2.3.2"
      }
    },
    "powahroot": {
      "version": "1.2.6",
      "resolved": "https://registry.npmjs.org/powahroot/-/powahroot-1.2.6.tgz",
      "integrity": "sha512-47T7lgNvLYrt8/zqHbNm07/D4fvyeVwlGGBLuxzFmduU5876SUJ3e2WPpw+h1+7EZOqh2cjPtJeS8aUFnKC3Ew==",
      "requires": {
        "cookie": "^0.5.0",
        "event-emitter-es6": "^1.1.5",
        "nightink": "^1.0.1"
      }
    }
  }
}
